
Microsoft Visual Studio Solution File, Format Version 12.00
# Visual Studio Version 17
VisualStudioVersion = 17.8.34322.80
MinimumVisualStudioVersion = 10.0.40219.1
Project("{9A19103F-16F7-4668-BE54-9A1E7A4F7556}") = "WPFAppMagazine", "WPFAppMagazine.csproj", "{F6B394E3-AEE8-4EFD-966D-260256C2FC4D}"
EndProject
Project("{9A19103F-16F7-4668-BE54-9A1E7A4F7556}") = "ProductMagazine", "..\ProductMagazine\ProductMagazine.csproj", "{00CE505C-8412-4B25-B515-14270AFFA46C}"
EndProject
Project("{9A19103F-16F7-4668-BE54-9A1E7A4F7556}") = "ProductMagazineTests", "..\ProductMagazineTests\ProductMagazineTests.csproj", "{9824FED9-14D2-4E96-BF95-6F7DE03C0D2C}"
EndProject
Global
	GlobalSection(SolutionConfigurationPlatforms) = preSolution
		Debug|Any CPU = Debug|Any CPU
		Release|Any CPU = Release|Any CPU
	EndGlobalSection
	GlobalSection(ProjectConfigurationPlatforms) = postSolution
		{F6B394E3-AEE8-4EFD-966D-260256C2FC4D}.Debug|Any CPU.ActiveCfg = Debug|Any CPU
		{F6B394E3-AEE8-4EFD-966D-260256C2FC4D}.Debug|Any CPU.Build.0 = Debug|Any CPU
		{F6B394E3-AEE8-4EFD-966D-260256C2FC4D}.Release|Any CPU.ActiveCfg = Release|Any CPU
		{F6B394E3-AEE8-4EFD-966D-260256C2FC4D}.Release|Any CPU.Build.0 = Release|Any CPU
		{00CE505C-8412-4B25-B515-14270AFFA46C}.Debug|Any CPU.ActiveCfg = Debug|Any CPU
		{00CE505C-8412-4B25-B515-14270AFFA46C}.Debug|Any CPU.Build.0 = Debug|Any CPU
		{00CE505C-8412-4B25-B515-14270AFFA46C}.Release|Any CPU.ActiveCfg = Release|Any CPU
		{00CE505C-8412-4B25-B515-14270AFFA46C}.Release|Any CPU.Build.0 = Release|Any CPU
		{9824FED9-14D2-4E96-BF95-6F7DE03C0D2C}.Debug|Any CPU.ActiveCfg = Debug|Any CPU
		{9824FED9-14D2-4E96-BF95-6F7DE03C0D2C}.Debug|Any CPU.Build.0 = Debug|Any CPU
		{9824FED9-14D2-4E96-BF95-6F7DE03C0D2C}.Release|Any CPU.ActiveCfg = Release|Any CPU
		{9824FED9-14D2-4E96-BF95-6F7DE03C0D2C}.Release|Any CPU.Build.0 = Release|Any CPU
	EndGlobalSection
	GlobalSection(SolutionProperties) = preSolution
		HideSolutionNode = FALSE
	EndGlobalSection
	GlobalSection(ExtensibilityGlobals) = postSolution
		SolutionGuid = {B53BCE4A-1429-4CC3-87BD-71BBC45D0A48}
	EndGlobalSection
EndGlobal
